
Microsoft Visual Studio Solution File, Format Version 12.00
# Visual Studio Version 17
VisualStudioVersion = 17.3.32901.215
MinimumVisualStudioVersion = 10.0.40219.1
Project("{FAE04EC0-301F-11D3-BF4B-00C04F79EFBC}") = "ZH3_elso_proba", "ZH3_elso_proba\ZH3_elso_proba.csproj", "{2C00EE7E-BEBD-4C99-BEA7-D42DBE16CFDA}"
EndProject
Global
	GlobalSection(SolutionConfigurationPlatforms) = preSolution
		Debug|Any CPU = Debug|Any CPU
		Release|Any CPU = Release|Any CPU
	EndGlobalSection
	GlobalSection(ProjectConfigurationPlatforms) = postSolution
		{2C00EE7E-BEBD-4C99-BEA7-D42DBE16CFDA}.Debug|Any CPU.ActiveCfg = Debug|Any CPU
		{2C00EE7E-BEBD-4C99-BEA7-D42DBE16CFDA}.Debug|Any CPU.Build.0 = Debug|Any CPU
		{2C00EE7E-BEBD-4C99-BEA7-D42DBE16CFDA}.Release|Any CPU.ActiveCfg = Release|Any CPU
		{2C00EE7E-BEBD-4C99-BEA7-D42DBE16CFDA}.Release|Any CPU.Build.0 = Release|Any CPU
	EndGlobalSection
	GlobalSection(SolutionProperties) = preSolution
		HideSolutionNode = FALSE
	EndGlobalSection
	GlobalSection(ExtensibilityGlobals) = postSolution
		SolutionGuid = {914EAB9A-8C17-4BFB-A34C-E5B432428298}
	EndGlobalSection
EndGlobal
